
Microsoft Visual Studio Solution File, Format Version 12.00
# Visual Studio Version 17
VisualStudioVersion = 17.8.34408.163
MinimumVisualStudioVersion = 10.0.40219.1
Project("{9A19103F-16F7-4668-BE54-9A1E7A4F7556}") = "Domain", "src\Domain\Domain.csproj", "{C7269249-57B2-4423-9352-34BA3D59AED1}"
EndProject
Project("{9A19103F-16F7-4668-BE54-9A1E7A4F7556}") = "Application", "src\Application\Application.csproj", "{45D8632B-F8CA-4E3B-AB8C-AC921C9C7138}"
EndProject
Project("{9A19103F-16F7-4668-BE54-9A1E7A4F7556}") = "Infra", "src\Infra\Infra.csproj", "{4A341102-B95C-42A5-969C-5FB9A3223A0D}"
EndProject
Project("{9A19103F-16F7-4668-BE54-9A1E7A4F7556}") = "API", "src\API\API.csproj", "{681D8B47-3FB3-46C6-93E9-6D40589403DD}"
EndProject
Project("{2150E333-8FDC-42A3-9474-1A3956D46DE8}") = "tests", "tests", "{B10C5699-F151-416F-A52E-4BA203465982}"
EndProject
Project("{9A19103F-16F7-4668-BE54-9A1E7A4F7556}") = "UnitTests", "tests\UnitTests\UnitTests.csproj", "{E573E4F1-173E-470C-9194-677BCDBFAF05}"
EndProject
Project("{9A19103F-16F7-4668-BE54-9A1E7A4F7556}") = "IntegrationTests", "tests\IntegrationTests\IntegrationTests.csproj", "{13FAE082-B5E1-4DB6-B43E-D829EDCEEADC}"
EndProject
Global
	GlobalSection(SolutionConfigurationPlatforms) = preSolution
		Debug|Any CPU = Debug|Any CPU
		Release|Any CPU = Release|Any CPU
	EndGlobalSection
	GlobalSection(ProjectConfigurationPlatforms) = postSolution
		{C7269249-57B2-4423-9352-34BA3D59AED1}.Debug|Any CPU.ActiveCfg = Debug|Any CPU
		{C7269249-57B2-4423-9352-34BA3D59AED1}.Debug|Any CPU.Build.0 = Debug|Any CPU
		{C7269249-57B2-4423-9352-34BA3D59AED1}.Release|Any CPU.ActiveCfg = Release|Any CPU
		{C7269249-57B2-4423-9352-34BA3D59AED1}.Release|Any CPU.Build.0 = Release|Any CPU
		{45D8632B-F8CA-4E3B-AB8C-AC921C9C7138}.Debug|Any CPU.ActiveCfg = Debug|Any CPU
		{45D8632B-F8CA-4E3B-AB8C-AC921C9C7138}.Debug|Any CPU.Build.0 = Debug|Any CPU
		{45D8632B-F8CA-4E3B-AB8C-AC921C9C7138}.Release|Any CPU.ActiveCfg = Release|Any CPU
		{45D8632B-F8CA-4E3B-AB8C-AC921C9C7138}.Release|Any CPU.Build.0 = Release|Any CPU
		{4A341102-B95C-42A5-969C-5FB9A3223A0D}.Debug|Any CPU.ActiveCfg = Debug|Any CPU
		{4A341102-B95C-42A5-969C-5FB9A3223A0D}.Debug|Any CPU.Build.0 = Debug|Any CPU
		{4A341102-B95C-42A5-969C-5FB9A3223A0D}.Release|Any CPU.ActiveCfg = Release|Any CPU
		{4A341102-B95C-42A5-969C-5FB9A3223A0D}.Release|Any CPU.Build.0 = Release|Any CPU
		{681D8B47-3FB3-46C6-93E9-6D40589403DD}.Debug|Any CPU.ActiveCfg = Debug|Any CPU
		{681D8B47-3FB3-46C6-93E9-6D40589403DD}.Debug|Any CPU.Build.0 = Debug|Any CPU
		{681D8B47-3FB3-46C6-93E9-6D40589403DD}.Release|Any CPU.ActiveCfg = Release|Any CPU
		{681D8B47-3FB3-46C6-93E9-6D40589403DD}.Release|Any CPU.Build.0 = Release|Any CPU
		{E573E4F1-173E-470C-9194-677BCDBFAF05}.Debug|Any CPU.ActiveCfg = Debug|Any CPU
		{E573E4F1-173E-470C-9194-677BCDBFAF05}.Debug|Any CPU.Build.0 = Debug|Any CPU
		{E573E4F1-173E-470C-9194-677BCDBFAF05}.Release|Any CPU.ActiveCfg = Release|Any CPU
		{E573E4F1-173E-470C-9194-677BCDBFAF05}.Release|Any CPU.Build.0 = Release|Any CPU
		{13FAE082-B5E1-4DB6-B43E-D829EDCEEADC}.Debug|Any CPU.ActiveCfg = Debug|Any CPU
		{13FAE082-B5E1-4DB6-B43E-D829EDCEEADC}.Debug|Any CPU.Build.0 = Debug|Any CPU
		{13FAE082-B5E1-4DB6-B43E-D829EDCEEADC}.Release|Any CPU.ActiveCfg = Release|Any CPU
		{13FAE082-B5E1-4DB6-B43E-D829EDCEEADC}.Release|Any CPU.Build.0 = Release|Any CPU
	EndGlobalSection
	GlobalSection(SolutionProperties) = preSolution
		HideSolutionNode = FALSE
	EndGlobalSection
	GlobalSection(NestedProjects) = preSolution
		{E573E4F1-173E-470C-9194-677BCDBFAF05} = {B10C5699-F151-416F-A52E-4BA203465982}
		{13FAE082-B5E1-4DB6-B43E-D829EDCEEADC} = {B10C5699-F151-416F-A52E-4BA203465982}
	EndGlobalSection
	GlobalSection(ExtensibilityGlobals) = postSolution
		SolutionGuid = {B2CDF7BF-2517-43BE-9A98-7569A19D4ACB}
	EndGlobalSection
EndGlobal
